// !$*UTF8*$!
{
	archiveVersion = 1;
	classes = {
	};
	objectVersion = 46;
	objects = {

/* Begin PBXBuildFile section */
		73121E4648B59961A9B94C67 /* Pods_InAppPurchasesExample.framework in Frameworks */ = {isa = PBXBuildFile; fileRef = B2EBD33B4DB89E9486BDD2BD /* Pods_InAppPurchasesExample.framework */; };
		9B1E2F1A1E0703AB008B0F39 /* StoreKit.framework in Frameworks */ = {isa = PBXBuildFile; fileRef = 9B1E2F191E0703AB008B0F39 /* StoreKit.framework */; };
		9B3C685E1E06FDC0001E18E1 /* AppDelegate.swift in Sources */ = {isa = PBXBuildFile; fileRef = 9B3C685D1E06FDC0001E18E1 /* AppDelegate.swift */; };
		9B3C68631E06FDC0001E18E1 /* Main.storyboard in Resources */ = {isa = PBXBuildFile; fileRef = 9B3C68611E06FDC0001E18E1 /* Main.storyboard */; };
		9B3C68651E06FDC0001E18E1 /* Assets.xcassets in Resources */ = {isa = PBXBuildFile; fileRef = 9B3C68641E06FDC0001E18E1 /* Assets.xcassets */; };
		9B3C68681E06FDC0001E18E1 /* LaunchScreen.storyboard in Resources */ = {isa = PBXBuildFile; fileRef = 9B3C68661E06FDC0001E18E1 /* LaunchScreen.storyboard */; };
		9B3C68701E06FE43001E18E1 /* HomeViewController.swift in Sources */ = {isa = PBXBuildFile; fileRef = 9B3C686F1E06FE43001E18E1 /* HomeViewController.swift */; };
		9B3C68721E06FF5B001E18E1 /* PurchaseManager.swift in Sources */ = {isa = PBXBuildFile; fileRef = 9B3C68711E06FF5B001E18E1 /* PurchaseManager.swift */; };
/* End PBXBuildFile section */

/* Begin PBXFileReference section */
		47054CAFC3FCCA2695984DA8 /* Pods-InAppPurchasesExample.debug.xcconfig */ = {isa = PBXFileReference; includeInIndex = 1; lastKnownFileType = text.xcconfig; name = "Pods-InAppPurchasesExample.debug.xcconfig"; path = "Pods/Target Support Files/Pods-InAppPurchasesExample/Pods-InAppPurchasesExample.debug.xcconfig"; sourceTree = "<group>"; };
		9B1E2F191E0703AB008B0F39 /* StoreKit.framework */ = {isa = PBXFileReference; lastKnownFileType = wrapper.framework; name = StoreKit.framework; path = System/Library/Frameworks/StoreKit.framework; sourceTree = SDKROOT; };
		9B3C685A1E06FDC0001E18E1 /* InAppPurchasesExample.app */ = {isa = PBXFileReference; explicitFileType = wrapper.application; includeInIndex = 0; path = InAppPurchasesExample.app; sourceTree = BUILT_PRODUCTS_DIR; };
		9B3C685D1E06FDC0001E18E1 /* AppDelegate.swift */ = {isa = PBXFileReference; lastKnownFileType = sourcecode.swift; path = AppDelegate.swift; sourceTree = "<group>"; };
		9B3C68621E06FDC0001E18E1 /* Base */ = {isa = PBXFileReference; lastKnownFileType = file.storyboard; name = Base; path = Base.lproj/Main.storyboard; sourceTree = "<group>"; };
		9B3C68641E06FDC0001E18E1 /* Assets.xcassets */ = {isa = PBXFileReference; lastKnownFileType = folder.assetcatalog; path = Assets.xcassets; sourceTree = "<group>"; };
		9B3C68671E06FDC0001E18E1 /* Base */ = {isa = PBXFileReference; lastKnownFileType = file.storyboard; name = Base; path = Base.lproj/LaunchScreen.storyboard; sourceTree = "<group>"; };
		9B3C68691E06FDC0001E18E1 /* Info.plist */ = {isa = PBXFileReference; lastKnownFileType = text.plist.xml; path = Info.plist; sourceTree = "<group>"; };
		9B3C686F1E06FE43001E18E1 /* HomeViewController.swift */ = {isa = PBXFileReference; fileEncoding = 4; lastKnownFileType = sourcecode.swift; path = HomeViewController.swift; sourceTree = "<group>"; };
		9B3C68711E06FF5B001E18E1 /* PurchaseManager.swift */ = {isa = PBXFileReference; fileEncoding = 4; lastKnownFileType = sourcecode.swift; path = PurchaseManager.swift; sourceTree = "<group>"; };
		AEE01BF1B90E947D50A14D84 /* Pods-InAppPurchasesExample.release.xcconfig */ = {isa = PBXFileReference; includeInIndex = 1; lastKnownFileType = text.xcconfig; name = "Pods-InAppPurchasesExample.release.xcconfig"; path = "Pods/Target Support Files/Pods-InAppPurchasesExample/Pods-InAppPurchasesExample.release.xcconfig"; sourceTree = "<group>"; };
		B2EBD33B4DB89E9486BDD2BD /* Pods_InAppPurchasesExample.framework */ = {isa = PBXFileReference; explicitFileType = wrapper.framework; includeInIndex = 0; path = Pods_InAppPurchasesExample.framework; sourceTree = BUILT_PRODUCTS_DIR; };
/* End PBXFileReference section */

/* Begin PBXFrameworksBuildPhase section */
		9B3C68571E06FDBF001E18E1 /* Frameworks */ = {
			isa = PBXFrameworksBuildPhase;
			buildActionMask = 2147483647;
			files = (
				73121E4648B59961A9B94C67 /* Pods_InAppPurchasesExample.framework in Frameworks */,
				9B1E2F1A1E0703AB008B0F39 /* StoreKit.framework in Frameworks */,
			);
			runOnlyForDeploymentPostprocessing = 0;
		};
/* End PBXFrameworksBuildPhase section */

/* Begin PBXGroup section */
		0549841F754F2D1A35BBC847 /* Frameworks */ = {
			isa = PBXGroup;
			children = (
				9B1E2F191E0703AB008B0F39 /* StoreKit.framework */,
				B2EBD33B4DB89E9486BDD2BD /* Pods_InAppPurchasesExample.framework */,
			);
			name = Frameworks;
			sourceTree = "<group>";
		};
		9B3C68511E06FDBF001E18E1 = {
			isa = PBXGroup;
			children = (
				9B3C685C1E06FDC0001E18E1 /* InAppPurchasesExample */,
				9B3C685B1E06FDC0001E18E1 /* Products */,
				C8F295B76E5D6E54B54070F2 /* Pods */,
				0549841F754F2D1A35BBC847 /* Frameworks */,
			);
			sourceTree = "<group>";
		};
		9B3C685B1E06FDC0001E18E1 /* Products */ = {
			isa = PBXGroup;
			children = (
				9B3C685A1E06FDC0001E18E1 /* InAppPurchasesExample.app */,
			);
			name = Products;
			sourceTree = "<group>";
		};
		9B3C685C1E06FDC0001E18E1 /* InAppPurchasesExample */ = {
			isa = PBXGroup;
			children = (
				9B3C685D1E06FDC0001E18E1 /* AppDelegate.swift */,
				9B3C686F1E06FE43001E18E1 /* HomeViewController.swift */,
				9B3C68611E06FDC0001E18E1 /* Main.storyboard */,
				9B3C68711E06FF5B001E18E1 /* PurchaseManager.swift */,
				9B3C68641E06FDC0001E18E1 /* Assets.xcassets */,
				9B3C68661E06FDC0001E18E1 /* LaunchScreen.storyboard */,
				9B3C68691E06FDC0001E18E1 /* Info.plist */,
			);
			path = InAppPurchasesExample;
			sourceTree = "<group>";
		};
		C8F295B76E5D6E54B54070F2 /* Pods */ = {
			isa = PBXGroup;
			children = (
				47054CAFC3FCCA2695984DA8 /* Pods-InAppPurchasesExample.debug.xcconfig */,
				AEE01BF1B90E947D50A14D84 /* Pods-InAppPurchasesExample.release.xcconfig */,
			);
			name = Pods;
			sourceTree = "<group>";
		};
/* End PBXGroup section */

/* Begin PBXNativeTarget section */
		9B3C68591E06FDBF001E18E1 /* InAppPurchasesExample */ = {
			isa = PBXNativeTarget;
			buildConfigurationList = 9B3C686C1E06FDC0001E18E1 /* Build configuration list for PBXNativeTarget "InAppPurchasesExample" */;
			buildPhases = (
				6238E2F15AC76EE5428F2FD4 /* [CP] Check Pods Manifest.lock */,
				9B3C68561E06FDBF001E18E1 /* Sources */,
				9B3C68571E06FDBF001E18E1 /* Frameworks */,
				9B3C68581E06FDBF001E18E1 /* Resources */,
				C07DD1694DFE2075618FCADE /* [CP] Embed Pods Frameworks */,
				641075FCBBEE779DD9FAF20B /* [CP] Copy Pods Resources */,
			);
			buildRules = (
			);
			dependencies = (
			);
			name = InAppPurchasesExample;
			productName = InAppPurchasesExample;
			productReference = 9B3C685A1E06FDC0001E18E1 /* InAppPurchasesExample.app */;
			productType = "com.apple.product-type.application";
		};
/* End PBXNativeTarget section */

/* Begin PBXProject section */
		9B3C68521E06FDBF001E18E1 /* Project object */ = {
			isa = PBXProject;
			attributes = {
				LastSwiftUpdateCheck = 0820;
				LastUpgradeCheck = 0820;
				ORGANIZATIONNAME = Mouth;
				TargetAttributes = {
					9B3C68591E06FDBF001E18E1 = {
						CreatedOnToolsVersion = 8.2;
						DevelopmentTeam = D95EZ83BDJ;
						ProvisioningStyle = Automatic;
						SystemCapabilities = {
							com.apple.InAppPurchase = {
								enabled = 1;
							};
						};
					};
				};
			};
			buildConfigurationList = 9B3C68551E06FDBF001E18E1 /* Build configuration list for PBXProject "InAppPurchasesExample" */;
			compatibilityVersion = "Xcode 3.2";
			developmentRegion = English;
			hasScannedForEncodings = 0;
			knownRegions = (
				en,
				Base,
			);
			mainGroup = 9B3C68511E06FDBF001E18E1;
			productRefGroup = 9B3C685B1E06FDC0001E18E1 /* Products */;
			projectDirPath = "";
			projectRoot = "";
			targets = (
				9B3C68591E06FDBF001E18E1 /* InAppPurchasesExample */,
			);
		};
/* End PBXProject section */

/* Begin PBXResourcesBuildPhase section */
		9B3C68581E06FDBF001E18E1 /* Resources */ = {
			isa = PBXResourcesBuildPhase;
			buildActionMask = 2147483647;
			files = (
				9B3C68681E06FDC0001E18E1 /* LaunchScreen.storyboard in Resources */,
				9B3C68651E06FDC0001E18E1 /* Assets.xcassets in Resources */,
				9B3C68631E06FDC0001E18E1 /* Main.storyboard in Resources */,
			);
			runOnlyForDeploymentPostprocessing = 0;
		};
/* End PBXResourcesBuildPhase section */

/* Begin PBXShellScriptBuildPhase section */
		6238E2F15AC76EE5428F2FD4 /* [CP] Check Pods Manifest.lock */ = {
			isa = PBXShellScriptBuildPhase;
			buildActionMask = 2147483647;
			files = (
			);
			inputPaths = (
			);
			name = "[CP] Check Pods Manifest.lock";
			outputPaths = (
			);
			runOnlyForDeploymentPostprocessing = 0;
			shellPath = /bin/sh;
			shellScript = "diff \"${PODS_ROOT}/../Podfile.lock\" \"${PODS_ROOT}/Manifest.lock\" > /dev/null\nif [ $? != 0 ] ; then\n    # print error to STDERR\n    echo \"error: The sandbox is not in sync with the Podfile.lock. Run 'pod install' or update your CocoaPods installation.\" >&2\n    exit 1\nfi\n";
			showEnvVarsInLog = 0;
		};
		641075FCBBEE779DD9FAF20B /* [CP] Copy Pods Resources */ = {
			isa = PBXShellScriptBuildPhase;
			buildActionMask = 2147483647;
			files = (
			);
			inputPaths = (
			);
			name = "[CP] Copy Pods Resources";
			outputPaths = (
			);
			runOnlyForDeploymentPostprocessing = 0;
			shellPath = /bin/sh;
			shellScript = "\"${SRCROOT}/Pods/Target Support Files/Pods-InAppPurchasesExample/Pods-InAppPurchasesExample-resources.sh\"\n";
			showEnvVarsInLog = 0;
		};
		C07DD1694DFE2075618FCADE /* [CP] Embed Pods Frameworks */ = {
			isa = PBXShellScriptBuildPhase;
			buildActionMask = 2147483647;
			files = (
			);
			inputPaths = (
			);
			name = "[CP] Embed Pods Frameworks";
			outputPaths = (
			);
			runOnlyForDeploymentPostprocessing = 0;
			shellPath = /bin/sh;
			shellScript = "\"${SRCROOT}/Pods/Target Support Files/Pods-InAppPurchasesExample/Pods-InAppPurchasesExample-frameworks.sh\"\n";
			showEnvVarsInLog = 0;
		};
/* End PBXShellScriptBuildPhase section */

/* Begin PBXSourcesBuildPhase section */
		9B3C68561E06FDBF001E18E1 /* Sources */ = {
			isa = PBXSourcesBuildPhase;
			buildActionMask = 2147483647;
			files = (
				9B3C685E1E06FDC0001E18E1 /* AppDelegate.swift in Sources */,
				9B3C68721E06FF5B001E18E1 /* PurchaseManager.swift in Sources */,
				9B3C68701E06FE43001E18E1 /* HomeViewController.swift in Sources */,
			);
			runOnlyForDeploymentPostprocessing = 0;
		};
/* End PBXSourcesBuildPhase section */

/* Begin PBXVariantGroup section */
		9B3C68611E06FDC0001E18E1 /* Main.storyboard */ = {
			isa = PBXVariantGroup;
			children = (
				9B3C68621E06FDC0001E18E1 /* Base */,
			);
			name = Main.storyboard;
			sourceTree = "<group>";
		};
		9B3C68661E06FDC0001E18E1 /* LaunchScreen.storyboard */ = {
			isa = PBXVariantGroup;
			children = (
				9B3C68671E06FDC0001E18E1 /* Base */,
			);
			name = LaunchScreen.storyboard;
			sourceTree = "<group>";
		};
/* End PBXVariantGroup section */

/* Begin XCBuildConfiguration section */
		9B3C686A1E06FDC0001E18E1 /* Debug */ = {
			isa = XCBuildConfiguration;
			buildSettings = {
				ALWAYS_SEARCH_USER_PATHS = NO;
				CLANG_ANALYZER_NONNULL = YES;
				CLANG_CXX_LANGUAGE_STANDARD = "gnu++0x";
				CLANG_CXX_LIBRARY = "libc++";
				CLANG_ENABLE_MODULES = YES;
				CLANG_ENABLE_OBJC_ARC = YES;
				CLANG_WARN_BOOL_CONVERSION = YES;
				CLANG_WARN_CONSTANT_CONVERSION = YES;
				CLANG_WARN_DIRECT_OBJC_ISA_USAGE = YES_ERROR;
				CLANG_WARN_DOCUMENTATION_COMMENTS = YES;
				CLANG_WARN_EMPTY_BODY = YES;
				CLANG_WARN_ENUM_CONVERSION = YES;
				CLANG_WARN_INFINITE_RECURSION = YES;
				CLANG_WARN_INT_CONVERSION = YES;
				CLANG_WARN_OBJC_ROOT_CLASS = YES_ERROR;
				CLANG_WARN_SUSPICIOUS_MOVE = YES;
				CLANG_WARN_UNREACHABLE_CODE = YES;
				CLANG_WARN__DUPLICATE_METHOD_MATCH = YES;
				"CODE_SIGN_IDENTITY[sdk=iphoneos*]" = "iPhone Developer";
				COPY_PHASE_STRIP = NO;
				DEBUG_INFORMATION_FORMAT = dwarf;
				ENABLE_STRICT_OBJC_MSGSEND = YES;
				ENABLE_TESTABILITY = YES;
				GCC_C_LANGUAGE_STANDARD = gnu99;
				GCC_DYNAMIC_NO_PIC = NO;
				GCC_NO_COMMON_BLOCKS = YES;
				GCC_OPTIMIZATION_LEVEL = 0;
				GCC_PREPROCESSOR_DEFINITIONS = (
					"DEBUG=1",
					"$(inherited)",
				);
				GCC_WARN_64_TO_32_BIT_CONVERSION = YES;
				GCC_WARN_ABOUT_RETURN_TYPE = YES_ERROR;
				GCC_WARN_UNDECLARED_SELECTOR = YES;
				GCC_WARN_UNINITIALIZED_AUTOS = YES_AGGRESSIVE;
				GCC_WARN_UNUSED_FUNCTION = YES;
				GCC_WARN_UNUSED_VARIABLE = YES;
				IPHONEOS_DEPLOYMENT_TARGET = 10.2;
				MTL_ENABLE_DEBUG_INFO = YES;
				ONLY_ACTIVE_ARCH = YES;
				SDKROOT = iphoneos;
				SWIFT_ACTIVE_COMPILATION_CONDITIONS = DEBUG;
				SWIFT_OPTIMIZATION_LEVEL = "-Onone";
				TARGETED_DEVICE_FAMILY = "1,2";
			};
			name = Debug;
		};
		9B3C686B1E06FDC0001E18E1 /* Release */ = {
			isa = XCBuildConfiguration;
			buildSettings = {
				ALWAYS_SEARCH_USER_PATHS = NO;
				CLANG_ANALYZER_NONNULL = YES;
				CLANG_CXX_LANGUAGE_STANDARD = "gnu++0x";
				CLANG_CXX_LIBRARY = "libc++";
				CLANG_ENABLE_MODULES = YES;
				CLANG_ENABLE_OBJC_ARC = YES;
				CLANG_WARN_BOOL_CONVERSION = YES;
				CLANG_WARN_CONSTANT_CONVERSION = YES;
				CLANG_WARN_DIRECT_OBJC_ISA_USAGE = YES_ERROR;
				CLANG_WARN_DOCUMENTATION_COMMENTS = YES;
				CLANG_WARN_EMPTY_BODY = YES;
				CLANG_WARN_ENUM_CONVERSION = YES;
				CLANG_WARN_INFINITE_RECURSION = YES;
				CLANG_WARN_INT_CONVERSION = YES;
				CLANG_WARN_OBJC_ROOT_CLASS = YES_ERROR;
				CLANG_WARN_SUSPICIOUS_MOVE = YES;
				CLANG_WARN_UNREACHABLE_CODE = YES;
				CLANG_WARN__DUPLICATE_METHOD_MATCH = YES;
				"CODE_SIGN_IDENTITY[sdk=iphoneos*]" = "iPhone Developer";
				COPY_PHASE_STRIP = NO;
				DEBUG_INFORMATION_FORMAT = "dwarf-with-dsym";
				ENABLE_NS_ASSERTIONS = NO;
				ENABLE_STRICT_OBJC_MSGSEND = YES;
				GCC_C_LANGUAGE_STANDARD = gnu99;
				GCC_NO_COMMON_BLOCKS = YES;
				GCC_WARN_64_TO_32_BIT_CONVERSION = YES;
				GCC_WARN_ABOUT_RETURN_TYPE = YES_ERROR;
				GCC_WARN_UNDECLARED_SELECTOR = YES;
				GCC_WARN_UNINITIALIZED_AUTOS = YES_AGGRESSIVE;
				GCC_WARN_UNUSED_FUNCTION = YES;
				GCC_WARN_UNUSED_VARIABLE = YES;
				IPHONEOS_DEPLOYMENT_TARGET = 10.2;
				MTL_ENABLE_DEBUG_INFO = NO;
				SDKROOT = iphoneos;
				SWIFT_OPTIMIZATION_LEVEL = "-Owholemodule";
				TARGETED_DEVICE_FAMILY = "1,2";
				VALIDATE_PRODUCT = YES;
			};
			name = Release;
		};
		9B3C686D1E06FDC0001E18E1 /* Debug */ = {
			isa = XCBuildConfiguration;
			baseConfigurationReference = 47054CAFC3FCCA2695984DA8 /* Pods-InAppPurchasesExample.debug.xcconfig */;
			buildSettings = {
				ALWAYS_EMBED_SWIFT_STANDARD_LIBRARIES = YES;
				ASSETCATALOG_COMPILER_APPICON_NAME = AppIcon;
				DEVELOPMENT_TEAM = D95EZ83BDJ;
				INFOPLIST_FILE = InAppPurchasesExample/Info.plist;
				LD_RUNPATH_SEARCH_PATHS = "$(inherited) @executable_path/Frameworks";
				PRODUCT_BUNDLE_IDENTIFIER = com.Mouth.InAppPurchasesExample;
				PRODUCT_NAME = "$(TARGET_NAME)";
				SWIFT_VERSION = 3.0;
			};
			name = Debug;
		};
		9B3C686E1E06FDC0001E18E1 /* Release */ = {
			isa = XCBuildConfiguration;
			baseConfigurationReference = AEE01BF1B90E947D50A14D84 /* Pods-InAppPurchasesExample.release.xcconfig */;
			buildSettings = {
				ALWAYS_EMBED_SWIFT_STANDARD_LIBRARIES = YES;
				ASSETCATALOG_COMPILER_APPICON_NAME = AppIcon;
				DEVELOPMENT_TEAM = D95EZ83BDJ;
				INFOPLIST_FILE = InAppPurchasesExample/Info.plist;
				LD_RUNPATH_SEARCH_PATHS = "$(inherited) @executable_path/Frameworks";
				PRODUCT_BUNDLE_IDENTIFIER = com.Mouth.InAppPurchasesExample;
				PRODUCT_NAME = "$(TARGET_NAME)";
				SWIFT_VERSION = 3.0;
			};
			name = Release;
		};
/* End XCBuildConfiguration section */

/* Begin XCConfigurationList section */
		9B3C68551E06FDBF001E18E1 /* Build configuration list for PBXProject "InAppPurchasesExample" */ = {
			isa = XCConfigurationList;
			buildConfigurations = (
				9B3C686A1E06FDC0001E18E1 /* Debug */,
				9B3C686B1E06FDC0001E18E1 /* Release */,
			);
			defaultConfigurationIsVisible = 0;
			defaultConfigurationName = Release;
		};
		9B3C686C1E06FDC0001E18E1 /* Build configuration list for PBXNativeTarget "InAppPurchasesExample" */ = {
			isa = XCConfigurationList;
			buildConfigurations = (
				9B3C686D1E06FDC0001E18E1 /* Debug */,
				9B3C686E1E06FDC0001E18E1 /* Release */,
			);
			defaultConfigurationIsVisible = 0;
			defaultConfigurationName = Release;
		};
/* End XCConfigurationList section */
	};
	rootObject = 9B3C68521E06FDBF001E18E1 /* Project object */;
}
